# THIS IS AN AUTOGENERATED FILE. DO NOT EDIT THIS FILE DIRECTLY.
# yarn lockfile v1


"@babel/runtime@^7.21.0":
  version "7.28.3"
  resolved "https://registry.npmmirror.com/@babel/runtime/-/runtime-7.28.3.tgz#75c5034b55ba868121668be5d5bb31cc64e6e61a"
  integrity sha512-9uIQ10o0WGdpP6GDhXcdOJPJuDgFtIDtN/9+ArJQ2NAfAmiuhTQdzkaTGR33v43GYS2UrSA0eX2pPPHoFVvpxA==

rete-vue-plugin@^2.1.2:
  version "2.1.2"
  resolved "https://registry.npmmirror.com/rete-vue-plugin/-/rete-vue-plugin-2.1.2.tgz#82e307ccce43b3e2111618939e821224b1d69496"
  integrity sha512-vMHCaAoJE9C9axEEIxg2nbrSYC6bFp5rWoAzAKGaLaEMT8y6m9mFb1o45dW8SF2v3DrbwXVjuEHRZxmg8CCOfg==
  dependencies:
    "@babel/runtime" "^7.21.0"

rete@^2.0.6:
  version "2.0.6"
  resolved "https://registry.npmmirror.com/rete/-/rete-2.0.6.tgz#b77d3226807d0edfac4d59f94aa45c3135556eac"
  integrity sha512-kPmlKCGFES2VWtY7Y7SCB8ZeXRMsgX5deza9cu4OwmfM/ZUimd461kC3hRyccoyVxE4POlHUx0gg2jcGfusHFg==
  dependencies:
    "@babel/runtime" "^7.21.0"
